{
  "name": "js",
  "lockfileVersion": 3,
  "requires": true,
  "packages": {
    "": {
      "dependencies": {
        "gomoku-js": "^1.0.0"
      }
    },
    "node_modules/gomoku-js": {
      "version": "1.0.0",
      "resolved": "https://registry.npmjs.org/gomoku-js/-/gomoku-js-1.0.0.tgz",
      "integrity": "sha512-kLnah9Y62Z0zCcVe+jOBURUmh6V4gFd7XD7s1VsCZcrFlhfIEed9Rhpn6mlhEUgU4c+iA9E17APe6PdzSg1KVA==",
      "engines": {
        "node": "^5.0.0"
      }
    }
  }
}
